
Microsoft Visual Studio Solution File, Format Version 12.00
# Visual Studio Version 16
VisualStudioVersion = 16.0.34114.132
MinimumVisualStudioVersion = 10.0.40219.1
Project("{2150E333-8FDC-42A3-9474-1A3956D46DE8}") = "Task0", "Task0", "{414C2CB9-738B-4C2E-A400-4BE6A9A88245}"
EndProject
Project("{FAE04EC0-301F-11D3-BF4B-00C04F79EFBC}") = "Tyuiu.PostikaAO.Sprint6.Task0.V29.Lib", "Tyuiu.PostikaAO.Sprint6.Task0.V29.Lib\Tyuiu.PostikaAO.Sprint6.Task0.V29.Lib.csproj", "{D1D74FD0-EF75-4518-BA16-9AD426E963DB}"
EndProject
Project("{FAE04EC0-301F-11D3-BF4B-00C04F79EFBC}") = "Tyuiu.PostikaAO.Sprint6.Task0.V29.Test", "Tyuiu.PostikaAO.Sprint6.Task0.V29.Test\Tyuiu.PostikaAO.Sprint6.Task0.V29.Test.csproj", "{0D0F1546-BDCF-47DA-9E3E-64509AC9FFE4}"
EndProject
Project("{FAE04EC0-301F-11D3-BF4B-00C04F79EFBC}") = "Tyuiu.PostikaAO.Sprint6.Task0.V29", "Tyuiu.PostikaAO.Sprint6.Task0.V29\Tyuiu.PostikaAO.Sprint6.Task0.V29.csproj", "{8A3BA588-E7D8-4D74-9358-23A5E8315DBA}"
EndProject
Global
	GlobalSection(SolutionConfigurationPlatforms) = preSolution
		Debug|Any CPU = Debug|Any CPU
		Release|Any CPU = Release|Any CPU
	EndGlobalSection
	GlobalSection(ProjectConfigurationPlatforms) = postSolution
		{D1D74FD0-EF75-4518-BA16-9AD426E963DB}.Debug|Any CPU.ActiveCfg = Debug|Any CPU
		{D1D74FD0-EF75-4518-BA16-9AD426E963DB}.Debug|Any CPU.Build.0 = Debug|Any CPU
		{D1D74FD0-EF75-4518-BA16-9AD426E963DB}.Release|Any CPU.ActiveCfg = Release|Any CPU
		{D1D74FD0-EF75-4518-BA16-9AD426E963DB}.Release|Any CPU.Build.0 = Release|Any CPU
		{0D0F1546-BDCF-47DA-9E3E-64509AC9FFE4}.Debug|Any CPU.ActiveCfg = Debug|Any CPU
		{0D0F1546-BDCF-47DA-9E3E-64509AC9FFE4}.Debug|Any CPU.Build.0 = Debug|Any CPU
		{0D0F1546-BDCF-47DA-9E3E-64509AC9FFE4}.Release|Any CPU.ActiveCfg = Release|Any CPU
		{0D0F1546-BDCF-47DA-9E3E-64509AC9FFE4}.Release|Any CPU.Build.0 = Release|Any CPU
		{8A3BA588-E7D8-4D74-9358-23A5E8315DBA}.Debug|Any CPU.ActiveCfg = Debug|Any CPU
		{8A3BA588-E7D8-4D74-9358-23A5E8315DBA}.Debug|Any CPU.Build.0 = Debug|Any CPU
		{8A3BA588-E7D8-4D74-9358-23A5E8315DBA}.Release|Any CPU.ActiveCfg = Release|Any CPU
		{8A3BA588-E7D8-4D74-9358-23A5E8315DBA}.Release|Any CPU.Build.0 = Release|Any CPU
	EndGlobalSection
	GlobalSection(SolutionProperties) = preSolution
		HideSolutionNode = FALSE
	EndGlobalSection
	GlobalSection(NestedProjects) = preSolution
		{D1D74FD0-EF75-4518-BA16-9AD426E963DB} = {414C2CB9-738B-4C2E-A400-4BE6A9A88245}
		{0D0F1546-BDCF-47DA-9E3E-64509AC9FFE4} = {414C2CB9-738B-4C2E-A400-4BE6A9A88245}
		{8A3BA588-E7D8-4D74-9358-23A5E8315DBA} = {414C2CB9-738B-4C2E-A400-4BE6A9A88245}
	EndGlobalSection
	GlobalSection(ExtensibilityGlobals) = postSolution
		SolutionGuid = {6F9E00E3-15E5-48E9-9BD0-BA6806F2CB4E}
	EndGlobalSection
EndGlobal
