
Microsoft Visual Studio Solution File, Format Version 12.00
# Visual Studio Version 16
VisualStudioVersion = 16.0.34114.132
MinimumVisualStudioVersion = 10.0.40219.1
Project("{2150E333-8FDC-42A3-9474-1A3956D46DE8}") = "Task0", "Task0", "{414C2CB9-738B-4C2E-A400-4BE6A9A88245}"
EndProject
Project("{FAE04EC0-301F-11D3-BF4B-00C04F79EFBC}") = "Tyuiu.PostikaAO.Sprint6.Task0.V29.Lib", "Tyuiu.PostikaAO.Sprint6.Task0.V29.Lib\Tyuiu.PostikaAO.Sprint6.Task0.V29.Lib.csproj", "{D1D74FD0-EF75-4518-BA16-9AD426E963DB}"
EndProject
Project("{FAE04EC0-301F-11D3-BF4B-00C04F79EFBC}") = "Tyuiu.PostikaAO.Sprint6.Task0.V29.Test", "Tyuiu.PostikaAO.Sprint6.Task0.V29.Test\Tyuiu.PostikaAO.Sprint6.Task0.V29.Test.csproj", "{0D0F1546-BDCF-47DA-9E3E-64509AC9FFE4}"
EndProject
Project("{FAE04EC0-301F-11D3-BF4B-00C04F79EFBC}") = "Tyuiu.PostikaAO.Sprint6.Task0.V29", "Tyuiu.PostikaAO.Sprint6.Task0.V29\Tyuiu.PostikaAO.Sprint6.Task0.V29.csproj", "{8A3BA588-E7D8-4D74-9358-23A5E8315DBA}"
EndProject
Project("{2150E333-8FDC-42A3-9474-1A3956D46DE8}") = "Task1", "Task1", "{CFD387EE-CCDB-4EF2-820B-981F3B86D2B8}"
EndProject
Project("{FAE04EC0-301F-11D3-BF4B-00C04F79EFBC}") = "Tyuiu.PostikaAO.Sprint6.Task1.V25.Lib", "Tyuiu.PostikaAO.Sprint6.Task1.V25.Lib\Tyuiu.PostikaAO.Sprint6.Task1.V25.Lib.csproj", "{F46B18D0-28B7-41B4-B980-CDD985A6BE47}"
EndProject
Project("{FAE04EC0-301F-11D3-BF4B-00C04F79EFBC}") = "Tyuiu.PostikaAO.Sprint6.Task1.V25.Test", "Tyuiu.PostikaAO.Sprint6.Task1.V25.Test\Tyuiu.PostikaAO.Sprint6.Task1.V25.Test.csproj", "{3581DDAC-CCE0-4795-9E30-86C42CD5350C}"
EndProject
Project("{FAE04EC0-301F-11D3-BF4B-00C04F79EFBC}") = "Tyuiu.PostikaAO.Sprint6.Task1.V25", "Tyuiu.PostikaAO.Sprint6.Task1.V25\Tyuiu.PostikaAO.Sprint6.Task1.V25.csproj", "{C33DE9B3-06BE-4484-A06E-D9BA45B6EC38}"
EndProject
Project("{2150E333-8FDC-42A3-9474-1A3956D46DE8}") = "Task2", "Task2", "{E296BAEF-D751-4133-8A74-1B0CB7E8E621}"
EndProject
Project("{FAE04EC0-301F-11D3-BF4B-00C04F79EFBC}") = "Tyuiu.PostikaAO.Sprint6.Task2.V1.Lib", "Tyuiu.PostikaAO.Sprint6.Task2.V1.Lib\Tyuiu.PostikaAO.Sprint6.Task2.V1.Lib.csproj", "{2A5B9D63-542D-4FBA-BF70-C0070B26F70B}"
EndProject
Project("{FAE04EC0-301F-11D3-BF4B-00C04F79EFBC}") = "Tyuiu.PostikaAO.Sprint6.Task2.V1.Test", "Tyuiu.PostikaAO.Sprint6.Task2.V1.Test\Tyuiu.PostikaAO.Sprint6.Task2.V1.Test.csproj", "{BE56F25C-94A2-4476-A1F8-FC8EE4407B8F}"
EndProject
Project("{FAE04EC0-301F-11D3-BF4B-00C04F79EFBC}") = "Tyuiu.PostikaAO.Sprint6.Task2.V1", "Tyuiu.PostikaAO.Sprint6.Task2.V1\Tyuiu.PostikaAO.Sprint6.Task2.V1.csproj", "{A2A0271E-AEB3-4519-A2D1-4AD85CE751B1}"
EndProject
Global
	GlobalSection(SolutionConfigurationPlatforms) = preSolution
		Debug|Any CPU = Debug|Any CPU
		Release|Any CPU = Release|Any CPU
	EndGlobalSection
	GlobalSection(ProjectConfigurationPlatforms) = postSolution
		{D1D74FD0-EF75-4518-BA16-9AD426E963DB}.Debug|Any CPU.ActiveCfg = Debug|Any CPU
		{D1D74FD0-EF75-4518-BA16-9AD426E963DB}.Debug|Any CPU.Build.0 = Debug|Any CPU
		{D1D74FD0-EF75-4518-BA16-9AD426E963DB}.Release|Any CPU.ActiveCfg = Release|Any CPU
		{D1D74FD0-EF75-4518-BA16-9AD426E963DB}.Release|Any CPU.Build.0 = Release|Any CPU
		{0D0F1546-BDCF-47DA-9E3E-64509AC9FFE4}.Debug|Any CPU.ActiveCfg = Debug|Any CPU
		{0D0F1546-BDCF-47DA-9E3E-64509AC9FFE4}.Debug|Any CPU.Build.0 = Debug|Any CPU
		{0D0F1546-BDCF-47DA-9E3E-64509AC9FFE4}.Release|Any CPU.ActiveCfg = Release|Any CPU
		{0D0F1546-BDCF-47DA-9E3E-64509AC9FFE4}.Release|Any CPU.Build.0 = Release|Any CPU
		{8A3BA588-E7D8-4D74-9358-23A5E8315DBA}.Debug|Any CPU.ActiveCfg = Debug|Any CPU
		{8A3BA588-E7D8-4D74-9358-23A5E8315DBA}.Debug|Any CPU.Build.0 = Debug|Any CPU
		{8A3BA588-E7D8-4D74-9358-23A5E8315DBA}.Release|Any CPU.ActiveCfg = Release|Any CPU
		{8A3BA588-E7D8-4D74-9358-23A5E8315DBA}.Release|Any CPU.Build.0 = Release|Any CPU
		{F46B18D0-28B7-41B4-B980-CDD985A6BE47}.Debug|Any CPU.ActiveCfg = Debug|Any CPU
		{F46B18D0-28B7-41B4-B980-CDD985A6BE47}.Debug|Any CPU.Build.0 = Debug|Any CPU
		{F46B18D0-28B7-41B4-B980-CDD985A6BE47}.Release|Any CPU.ActiveCfg = Release|Any CPU
		{F46B18D0-28B7-41B4-B980-CDD985A6BE47}.Release|Any CPU.Build.0 = Release|Any CPU
		{3581DDAC-CCE0-4795-9E30-86C42CD5350C}.Debug|Any CPU.ActiveCfg = Debug|Any CPU
		{3581DDAC-CCE0-4795-9E30-86C42CD5350C}.Debug|Any CPU.Build.0 = Debug|Any CPU
		{3581DDAC-CCE0-4795-9E30-86C42CD5350C}.Release|Any CPU.ActiveCfg = Release|Any CPU
		{3581DDAC-CCE0-4795-9E30-86C42CD5350C}.Release|Any CPU.Build.0 = Release|Any CPU
		{C33DE9B3-06BE-4484-A06E-D9BA45B6EC38}.Debug|Any CPU.ActiveCfg = Debug|Any CPU
		{C33DE9B3-06BE-4484-A06E-D9BA45B6EC38}.Debug|Any CPU.Build.0 = Debug|Any CPU
		{C33DE9B3-06BE-4484-A06E-D9BA45B6EC38}.Release|Any CPU.ActiveCfg = Release|Any CPU
		{C33DE9B3-06BE-4484-A06E-D9BA45B6EC38}.Release|Any CPU.Build.0 = Release|Any CPU
		{2A5B9D63-542D-4FBA-BF70-C0070B26F70B}.Debug|Any CPU.ActiveCfg = Debug|Any CPU
		{2A5B9D63-542D-4FBA-BF70-C0070B26F70B}.Debug|Any CPU.Build.0 = Debug|Any CPU
		{2A5B9D63-542D-4FBA-BF70-C0070B26F70B}.Release|Any CPU.ActiveCfg = Release|Any CPU
		{2A5B9D63-542D-4FBA-BF70-C0070B26F70B}.Release|Any CPU.Build.0 = Release|Any CPU
		{BE56F25C-94A2-4476-A1F8-FC8EE4407B8F}.Debug|Any CPU.ActiveCfg = Debug|Any CPU
		{BE56F25C-94A2-4476-A1F8-FC8EE4407B8F}.Debug|Any CPU.Build.0 = Debug|Any CPU
		{BE56F25C-94A2-4476-A1F8-FC8EE4407B8F}.Release|Any CPU.ActiveCfg = Release|Any CPU
		{BE56F25C-94A2-4476-A1F8-FC8EE4407B8F}.Release|Any CPU.Build.0 = Release|Any CPU
		{A2A0271E-AEB3-4519-A2D1-4AD85CE751B1}.Debug|Any CPU.ActiveCfg = Debug|Any CPU
		{A2A0271E-AEB3-4519-A2D1-4AD85CE751B1}.Debug|Any CPU.Build.0 = Debug|Any CPU
		{A2A0271E-AEB3-4519-A2D1-4AD85CE751B1}.Release|Any CPU.ActiveCfg = Release|Any CPU
		{A2A0271E-AEB3-4519-A2D1-4AD85CE751B1}.Release|Any CPU.Build.0 = Release|Any CPU
	EndGlobalSection
	GlobalSection(SolutionProperties) = preSolution
		HideSolutionNode = FALSE
	EndGlobalSection
	GlobalSection(NestedProjects) = preSolution
		{D1D74FD0-EF75-4518-BA16-9AD426E963DB} = {414C2CB9-738B-4C2E-A400-4BE6A9A88245}
		{0D0F1546-BDCF-47DA-9E3E-64509AC9FFE4} = {414C2CB9-738B-4C2E-A400-4BE6A9A88245}
		{8A3BA588-E7D8-4D74-9358-23A5E8315DBA} = {414C2CB9-738B-4C2E-A400-4BE6A9A88245}
		{F46B18D0-28B7-41B4-B980-CDD985A6BE47} = {CFD387EE-CCDB-4EF2-820B-981F3B86D2B8}
		{3581DDAC-CCE0-4795-9E30-86C42CD5350C} = {CFD387EE-CCDB-4EF2-820B-981F3B86D2B8}
		{C33DE9B3-06BE-4484-A06E-D9BA45B6EC38} = {CFD387EE-CCDB-4EF2-820B-981F3B86D2B8}
		{2A5B9D63-542D-4FBA-BF70-C0070B26F70B} = {E296BAEF-D751-4133-8A74-1B0CB7E8E621}
		{BE56F25C-94A2-4476-A1F8-FC8EE4407B8F} = {E296BAEF-D751-4133-8A74-1B0CB7E8E621}
		{A2A0271E-AEB3-4519-A2D1-4AD85CE751B1} = {E296BAEF-D751-4133-8A74-1B0CB7E8E621}
	EndGlobalSection
	GlobalSection(ExtensibilityGlobals) = postSolution
		SolutionGuid = {6F9E00E3-15E5-48E9-9BD0-BA6806F2CB4E}
	EndGlobalSection
EndGlobal
