
Microsoft Visual Studio Solution File, Format Version 12.00
# Visual Studio Version 16
VisualStudioVersion = 16.0.34114.132
MinimumVisualStudioVersion = 10.0.40219.1
Project("{2150E333-8FDC-42A3-9474-1A3956D46DE8}") = "Task0", "Task0", "{414C2CB9-738B-4C2E-A400-4BE6A9A88245}"
EndProject
Project("{FAE04EC0-301F-11D3-BF4B-00C04F79EFBC}") = "Tyuiu.PostikaAO.Sprint6.Task0.V29.Lib", "Tyuiu.PostikaAO.Sprint6.Task0.V29.Lib\Tyuiu.PostikaAO.Sprint6.Task0.V29.Lib.csproj", "{D1D74FD0-EF75-4518-BA16-9AD426E963DB}"
EndProject
Project("{FAE04EC0-301F-11D3-BF4B-00C04F79EFBC}") = "Tyuiu.PostikaAO.Sprint6.Task0.V29.Test", "Tyuiu.PostikaAO.Sprint6.Task0.V29.Test\Tyuiu.PostikaAO.Sprint6.Task0.V29.Test.csproj", "{0D0F1546-BDCF-47DA-9E3E-64509AC9FFE4}"
EndProject
Project("{FAE04EC0-301F-11D3-BF4B-00C04F79EFBC}") = "Tyuiu.PostikaAO.Sprint6.Task0.V29", "Tyuiu.PostikaAO.Sprint6.Task0.V29\Tyuiu.PostikaAO.Sprint6.Task0.V29.csproj", "{8A3BA588-E7D8-4D74-9358-23A5E8315DBA}"
EndProject
Project("{2150E333-8FDC-42A3-9474-1A3956D46DE8}") = "Task1", "Task1", "{CFD387EE-CCDB-4EF2-820B-981F3B86D2B8}"
EndProject
Project("{FAE04EC0-301F-11D3-BF4B-00C04F79EFBC}") = "Tyuiu.PostikaAO.Sprint6.Task1.V25.Lib", "Tyuiu.PostikaAO.Sprint6.Task1.V25.Lib\Tyuiu.PostikaAO.Sprint6.Task1.V25.Lib.csproj", "{F46B18D0-28B7-41B4-B980-CDD985A6BE47}"
EndProject
Project("{FAE04EC0-301F-11D3-BF4B-00C04F79EFBC}") = "Tyuiu.PostikaAO.Sprint6.Task1.V25.Test", "Tyuiu.PostikaAO.Sprint6.Task1.V25.Test\Tyuiu.PostikaAO.Sprint6.Task1.V25.Test.csproj", "{3581DDAC-CCE0-4795-9E30-86C42CD5350C}"
EndProject
Project("{FAE04EC0-301F-11D3-BF4B-00C04F79EFBC}") = "Tyuiu.PostikaAO.Sprint6.Task1.V25", "Tyuiu.PostikaAO.Sprint6.Task1.V25\Tyuiu.PostikaAO.Sprint6.Task1.V25.csproj", "{C33DE9B3-06BE-4484-A06E-D9BA45B6EC38}"
EndProject
Project("{2150E333-8FDC-42A3-9474-1A3956D46DE8}") = "Task2", "Task2", "{E296BAEF-D751-4133-8A74-1B0CB7E8E621}"
EndProject
Project("{FAE04EC0-301F-11D3-BF4B-00C04F79EFBC}") = "Tyuiu.PostikaAO.Sprint6.Task2.V1.Lib", "Tyuiu.PostikaAO.Sprint6.Task2.V1.Lib\Tyuiu.PostikaAO.Sprint6.Task2.V1.Lib.csproj", "{2A5B9D63-542D-4FBA-BF70-C0070B26F70B}"
EndProject
Project("{FAE04EC0-301F-11D3-BF4B-00C04F79EFBC}") = "Tyuiu.PostikaAO.Sprint6.Task2.V1.Test", "Tyuiu.PostikaAO.Sprint6.Task2.V1.Test\Tyuiu.PostikaAO.Sprint6.Task2.V1.Test.csproj", "{BE56F25C-94A2-4476-A1F8-FC8EE4407B8F}"
EndProject
Project("{FAE04EC0-301F-11D3-BF4B-00C04F79EFBC}") = "Tyuiu.PostikaAO.Sprint6.Task2.V1", "Tyuiu.PostikaAO.Sprint6.Task2.V1\Tyuiu.PostikaAO.Sprint6.Task2.V1.csproj", "{A2A0271E-AEB3-4519-A2D1-4AD85CE751B1}"
EndProject
Project("{2150E333-8FDC-42A3-9474-1A3956D46DE8}") = "Task3", "Task3", "{8EB5D186-96B9-4B3B-A62C-68687AA9B201}"
EndProject
Project("{FAE04EC0-301F-11D3-BF4B-00C04F79EFBC}") = "Tyuiu.PostikaAO.Sprint6.Task3.V15.Lib", "Tyuiu.PostikaAO.Sprint6.Task3.V15.Lib\Tyuiu.PostikaAO.Sprint6.Task3.V15.Lib.csproj", "{498B2303-29B7-4C12-8B47-BC146153449A}"
EndProject
Project("{FAE04EC0-301F-11D3-BF4B-00C04F79EFBC}") = "Tyuiu.PostikaAO.Sprint6.Task3.V15.Test", "Tyuiu.PostikaAO.Sprint6.Task3.V15.Test\Tyuiu.PostikaAO.Sprint6.Task3.V15.Test.csproj", "{495D2E43-8B75-4034-887D-8B6BFC9BBE39}"
EndProject
Project("{FAE04EC0-301F-11D3-BF4B-00C04F79EFBC}") = "Tyuiu.PostikaAO.Sprint6.Task3.V15", "Tyuiu.PostikaAO.Sprint6.Task3.V15\Tyuiu.PostikaAO.Sprint6.Task3.V15.csproj", "{A3CE148C-AAAC-43C5-AE8F-9D18C726CD2A}"
EndProject
Project("{2150E333-8FDC-42A3-9474-1A3956D46DE8}") = "Task4", "Task4", "{819AD4D0-28FB-4463-9E6F-321EC6BB6272}"
EndProject
Project("{FAE04EC0-301F-11D3-BF4B-00C04F79EFBC}") = "Tyuiu.PostikaAO.Sprint6.Task4.V5.Lib", "Tyuiu.PostikaAO.Sprint6.Task4.V5.Lib\Tyuiu.PostikaAO.Sprint6.Task4.V5.Lib.csproj", "{36A6407F-0FC7-4E51-85E5-88D83CD131B3}"
EndProject
Project("{FAE04EC0-301F-11D3-BF4B-00C04F79EFBC}") = "Tyuiu.PostikaAO.Sprint6.Task4.V5.Test", "Tyuiu.PostikaAO.Sprint6.Task4.V5.Test\Tyuiu.PostikaAO.Sprint6.Task4.V5.Test.csproj", "{B7C56212-447E-4D82-B137-320B37FF7B79}"
EndProject
Project("{FAE04EC0-301F-11D3-BF4B-00C04F79EFBC}") = "Tyuiu.PostikaAO.Sprint6.Task4.V5", "Tyuiu.PostikaAO.Sprint6.Task4.V5\Tyuiu.PostikaAO.Sprint6.Task4.V5.csproj", "{A3EE5083-16C4-444D-A54F-DB1F1C8D283E}"
EndProject
Project("{2150E333-8FDC-42A3-9474-1A3956D46DE8}") = "Task5", "Task5", "{36DD54EA-AF2F-48AF-9918-F289194970DC}"
EndProject
Project("{FAE04EC0-301F-11D3-BF4B-00C04F79EFBC}") = "Tyuiu.PostikaAO.Sprint6.Task5.V9.Lib", "Tyuiu.PostikaAO.Sprint6.Task5.V9.Lib\Tyuiu.PostikaAO.Sprint6.Task5.V9.Lib.csproj", "{ABACDD7F-B58B-4825-A290-DBE2CAA7F0BA}"
EndProject
Project("{FAE04EC0-301F-11D3-BF4B-00C04F79EFBC}") = "Tyuiu.PostikaAO.Sprint6.Task5.V9.Test", "Tyuiu.PostikaAO.Sprint6.Task5.V9.Test\Tyuiu.PostikaAO.Sprint6.Task5.V9.Test.csproj", "{6EB52C4D-AA8B-49DE-85F5-55224AAFBE0D}"
EndProject
Project("{FAE04EC0-301F-11D3-BF4B-00C04F79EFBC}") = "Tyuiu.PostikaAO.Sprint6.Task5.V9", "Tyuiu.PostikaAO.Sprint6.Task5.V9\Tyuiu.PostikaAO.Sprint6.Task5.V9.csproj", "{3DACD386-2C5B-4324-B426-93B97AD9B246}"
EndProject
Project("{2150E333-8FDC-42A3-9474-1A3956D46DE8}") = "Task6", "Task6", "{1204B5DE-B6A3-451A-B5B3-AFC975190B07}"
EndProject
Project("{FAE04EC0-301F-11D3-BF4B-00C04F79EFBC}") = "Tyuiu.PostikaAO.Sprint6.Task6.V12.Lib", "Tyuiu.PostikaAO.Sprint6.Task6.V12.Lib\Tyuiu.PostikaAO.Sprint6.Task6.V12.Lib.csproj", "{B0E2DC17-B007-41C4-A52C-73E041D2D049}"
EndProject
Project("{FAE04EC0-301F-11D3-BF4B-00C04F79EFBC}") = "Tyuiu.PostikaAO.Sprint6.Task6.V12.Test", "Tyuiu.PostikaAO.Sprint6.Task6.V12.Test\Tyuiu.PostikaAO.Sprint6.Task6.V12.Test.csproj", "{69E3C5E6-62E7-4709-91B2-90970459FA42}"
EndProject
Project("{FAE04EC0-301F-11D3-BF4B-00C04F79EFBC}") = "Tyuiu.PostikaAO.Sprint6.Task6.V12", "Tyuiu.PostikaAO.Sprint6.Task6.V12\Tyuiu.PostikaAO.Sprint6.Task6.V12.csproj", "{ABD342C5-D629-4936-9023-EF769A680EDE}"
EndProject
Project("{2150E333-8FDC-42A3-9474-1A3956D46DE8}") = "Task7", "Task7", "{BE703463-ADCF-42D1-8AE1-2E29D76D2592}"
EndProject
Project("{FAE04EC0-301F-11D3-BF4B-00C04F79EFBC}") = "Tyuiu.PostikaAO.Sprint6.Task7.V13.Lib", "Tyuiu.PostikaAO.Sprint6.Task7.V13.Lib\Tyuiu.PostikaAO.Sprint6.Task7.V13.Lib.csproj", "{388A5FDF-2B94-47F2-ABF3-DFF1CB6E24C0}"
EndProject
Project("{FAE04EC0-301F-11D3-BF4B-00C04F79EFBC}") = "Tyuiu.PostikaAO.Sprint6.Task7.V13.Test", "Tyuiu.PostikaAO.Sprint6.Task7.V13.Test\Tyuiu.PostikaAO.Sprint6.Task7.V13.Test.csproj", "{9582553C-BB2E-4664-9895-75BA00B9EE02}"
EndProject
Project("{FAE04EC0-301F-11D3-BF4B-00C04F79EFBC}") = "Tyuiu.PostikaAO.Sprint6.Task7.V13", "Tyuiu.PostikaAO.Sprint6.Task7.V13\Tyuiu.PostikaAO.Sprint6.Task7.V13.csproj", "{BE0DB793-CB19-4FE1-8674-1A1D480BDB47}"
EndProject
Global
	GlobalSection(SolutionConfigurationPlatforms) = preSolution
		Debug|Any CPU = Debug|Any CPU
		Release|Any CPU = Release|Any CPU
	EndGlobalSection
	GlobalSection(ProjectConfigurationPlatforms) = postSolution
		{D1D74FD0-EF75-4518-BA16-9AD426E963DB}.Debug|Any CPU.ActiveCfg = Debug|Any CPU
		{D1D74FD0-EF75-4518-BA16-9AD426E963DB}.Debug|Any CPU.Build.0 = Debug|Any CPU
		{D1D74FD0-EF75-4518-BA16-9AD426E963DB}.Release|Any CPU.ActiveCfg = Release|Any CPU
		{D1D74FD0-EF75-4518-BA16-9AD426E963DB}.Release|Any CPU.Build.0 = Release|Any CPU
		{0D0F1546-BDCF-47DA-9E3E-64509AC9FFE4}.Debug|Any CPU.ActiveCfg = Debug|Any CPU
		{0D0F1546-BDCF-47DA-9E3E-64509AC9FFE4}.Debug|Any CPU.Build.0 = Debug|Any CPU
		{0D0F1546-BDCF-47DA-9E3E-64509AC9FFE4}.Release|Any CPU.ActiveCfg = Release|Any CPU
		{0D0F1546-BDCF-47DA-9E3E-64509AC9FFE4}.Release|Any CPU.Build.0 = Release|Any CPU
		{8A3BA588-E7D8-4D74-9358-23A5E8315DBA}.Debug|Any CPU.ActiveCfg = Debug|Any CPU
		{8A3BA588-E7D8-4D74-9358-23A5E8315DBA}.Debug|Any CPU.Build.0 = Debug|Any CPU
		{8A3BA588-E7D8-4D74-9358-23A5E8315DBA}.Release|Any CPU.ActiveCfg = Release|Any CPU
		{8A3BA588-E7D8-4D74-9358-23A5E8315DBA}.Release|Any CPU.Build.0 = Release|Any CPU
		{F46B18D0-28B7-41B4-B980-CDD985A6BE47}.Debug|Any CPU.ActiveCfg = Debug|Any CPU
		{F46B18D0-28B7-41B4-B980-CDD985A6BE47}.Debug|Any CPU.Build.0 = Debug|Any CPU
		{F46B18D0-28B7-41B4-B980-CDD985A6BE47}.Release|Any CPU.ActiveCfg = Release|Any CPU
		{F46B18D0-28B7-41B4-B980-CDD985A6BE47}.Release|Any CPU.Build.0 = Release|Any CPU
		{3581DDAC-CCE0-4795-9E30-86C42CD5350C}.Debug|Any CPU.ActiveCfg = Debug|Any CPU
		{3581DDAC-CCE0-4795-9E30-86C42CD5350C}.Debug|Any CPU.Build.0 = Debug|Any CPU
		{3581DDAC-CCE0-4795-9E30-86C42CD5350C}.Release|Any CPU.ActiveCfg = Release|Any CPU
		{3581DDAC-CCE0-4795-9E30-86C42CD5350C}.Release|Any CPU.Build.0 = Release|Any CPU
		{C33DE9B3-06BE-4484-A06E-D9BA45B6EC38}.Debug|Any CPU.ActiveCfg = Debug|Any CPU
		{C33DE9B3-06BE-4484-A06E-D9BA45B6EC38}.Debug|Any CPU.Build.0 = Debug|Any CPU
		{C33DE9B3-06BE-4484-A06E-D9BA45B6EC38}.Release|Any CPU.ActiveCfg = Release|Any CPU
		{C33DE9B3-06BE-4484-A06E-D9BA45B6EC38}.Release|Any CPU.Build.0 = Release|Any CPU
		{2A5B9D63-542D-4FBA-BF70-C0070B26F70B}.Debug|Any CPU.ActiveCfg = Debug|Any CPU
		{2A5B9D63-542D-4FBA-BF70-C0070B26F70B}.Debug|Any CPU.Build.0 = Debug|Any CPU
		{2A5B9D63-542D-4FBA-BF70-C0070B26F70B}.Release|Any CPU.ActiveCfg = Release|Any CPU
		{2A5B9D63-542D-4FBA-BF70-C0070B26F70B}.Release|Any CPU.Build.0 = Release|Any CPU
		{BE56F25C-94A2-4476-A1F8-FC8EE4407B8F}.Debug|Any CPU.ActiveCfg = Debug|Any CPU
		{BE56F25C-94A2-4476-A1F8-FC8EE4407B8F}.Debug|Any CPU.Build.0 = Debug|Any CPU
		{BE56F25C-94A2-4476-A1F8-FC8EE4407B8F}.Release|Any CPU.ActiveCfg = Release|Any CPU
		{BE56F25C-94A2-4476-A1F8-FC8EE4407B8F}.Release|Any CPU.Build.0 = Release|Any CPU
		{A2A0271E-AEB3-4519-A2D1-4AD85CE751B1}.Debug|Any CPU.ActiveCfg = Debug|Any CPU
		{A2A0271E-AEB3-4519-A2D1-4AD85CE751B1}.Debug|Any CPU.Build.0 = Debug|Any CPU
		{A2A0271E-AEB3-4519-A2D1-4AD85CE751B1}.Release|Any CPU.ActiveCfg = Release|Any CPU
		{A2A0271E-AEB3-4519-A2D1-4AD85CE751B1}.Release|Any CPU.Build.0 = Release|Any CPU
		{498B2303-29B7-4C12-8B47-BC146153449A}.Debug|Any CPU.ActiveCfg = Debug|Any CPU
		{498B2303-29B7-4C12-8B47-BC146153449A}.Debug|Any CPU.Build.0 = Debug|Any CPU
		{498B2303-29B7-4C12-8B47-BC146153449A}.Release|Any CPU.ActiveCfg = Release|Any CPU
		{498B2303-29B7-4C12-8B47-BC146153449A}.Release|Any CPU.Build.0 = Release|Any CPU
		{495D2E43-8B75-4034-887D-8B6BFC9BBE39}.Debug|Any CPU.ActiveCfg = Debug|Any CPU
		{495D2E43-8B75-4034-887D-8B6BFC9BBE39}.Debug|Any CPU.Build.0 = Debug|Any CPU
		{495D2E43-8B75-4034-887D-8B6BFC9BBE39}.Release|Any CPU.ActiveCfg = Release|Any CPU
		{495D2E43-8B75-4034-887D-8B6BFC9BBE39}.Release|Any CPU.Build.0 = Release|Any CPU
		{A3CE148C-AAAC-43C5-AE8F-9D18C726CD2A}.Debug|Any CPU.ActiveCfg = Debug|Any CPU
		{A3CE148C-AAAC-43C5-AE8F-9D18C726CD2A}.Debug|Any CPU.Build.0 = Debug|Any CPU
		{A3CE148C-AAAC-43C5-AE8F-9D18C726CD2A}.Release|Any CPU.ActiveCfg = Release|Any CPU
		{A3CE148C-AAAC-43C5-AE8F-9D18C726CD2A}.Release|Any CPU.Build.0 = Release|Any CPU
		{36A6407F-0FC7-4E51-85E5-88D83CD131B3}.Debug|Any CPU.ActiveCfg = Debug|Any CPU
		{36A6407F-0FC7-4E51-85E5-88D83CD131B3}.Debug|Any CPU.Build.0 = Debug|Any CPU
		{36A6407F-0FC7-4E51-85E5-88D83CD131B3}.Release|Any CPU.ActiveCfg = Release|Any CPU
		{36A6407F-0FC7-4E51-85E5-88D83CD131B3}.Release|Any CPU.Build.0 = Release|Any CPU
		{B7C56212-447E-4D82-B137-320B37FF7B79}.Debug|Any CPU.ActiveCfg = Debug|Any CPU
		{B7C56212-447E-4D82-B137-320B37FF7B79}.Debug|Any CPU.Build.0 = Debug|Any CPU
		{B7C56212-447E-4D82-B137-320B37FF7B79}.Release|Any CPU.ActiveCfg = Release|Any CPU
		{B7C56212-447E-4D82-B137-320B37FF7B79}.Release|Any CPU.Build.0 = Release|Any CPU
		{A3EE5083-16C4-444D-A54F-DB1F1C8D283E}.Debug|Any CPU.ActiveCfg = Debug|Any CPU
		{A3EE5083-16C4-444D-A54F-DB1F1C8D283E}.Debug|Any CPU.Build.0 = Debug|Any CPU
		{A3EE5083-16C4-444D-A54F-DB1F1C8D283E}.Release|Any CPU.ActiveCfg = Release|Any CPU
		{A3EE5083-16C4-444D-A54F-DB1F1C8D283E}.Release|Any CPU.Build.0 = Release|Any CPU
		{ABACDD7F-B58B-4825-A290-DBE2CAA7F0BA}.Debug|Any CPU.ActiveCfg = Debug|Any CPU
		{ABACDD7F-B58B-4825-A290-DBE2CAA7F0BA}.Debug|Any CPU.Build.0 = Debug|Any CPU
		{ABACDD7F-B58B-4825-A290-DBE2CAA7F0BA}.Release|Any CPU.ActiveCfg = Release|Any CPU
		{ABACDD7F-B58B-4825-A290-DBE2CAA7F0BA}.Release|Any CPU.Build.0 = Release|Any CPU
		{6EB52C4D-AA8B-49DE-85F5-55224AAFBE0D}.Debug|Any CPU.ActiveCfg = Debug|Any CPU
		{6EB52C4D-AA8B-49DE-85F5-55224AAFBE0D}.Debug|Any CPU.Build.0 = Debug|Any CPU
		{6EB52C4D-AA8B-49DE-85F5-55224AAFBE0D}.Release|Any CPU.ActiveCfg = Release|Any CPU
		{6EB52C4D-AA8B-49DE-85F5-55224AAFBE0D}.Release|Any CPU.Build.0 = Release|Any CPU
		{3DACD386-2C5B-4324-B426-93B97AD9B246}.Debug|Any CPU.ActiveCfg = Debug|Any CPU
		{3DACD386-2C5B-4324-B426-93B97AD9B246}.Debug|Any CPU.Build.0 = Debug|Any CPU
		{3DACD386-2C5B-4324-B426-93B97AD9B246}.Release|Any CPU.ActiveCfg = Release|Any CPU
		{3DACD386-2C5B-4324-B426-93B97AD9B246}.Release|Any CPU.Build.0 = Release|Any CPU
		{B0E2DC17-B007-41C4-A52C-73E041D2D049}.Debug|Any CPU.ActiveCfg = Debug|Any CPU
		{B0E2DC17-B007-41C4-A52C-73E041D2D049}.Debug|Any CPU.Build.0 = Debug|Any CPU
		{B0E2DC17-B007-41C4-A52C-73E041D2D049}.Release|Any CPU.ActiveCfg = Release|Any CPU
		{B0E2DC17-B007-41C4-A52C-73E041D2D049}.Release|Any CPU.Build.0 = Release|Any CPU
		{69E3C5E6-62E7-4709-91B2-90970459FA42}.Debug|Any CPU.ActiveCfg = Debug|Any CPU
		{69E3C5E6-62E7-4709-91B2-90970459FA42}.Debug|Any CPU.Build.0 = Debug|Any CPU
		{69E3C5E6-62E7-4709-91B2-90970459FA42}.Release|Any CPU.ActiveCfg = Release|Any CPU
		{69E3C5E6-62E7-4709-91B2-90970459FA42}.Release|Any CPU.Build.0 = Release|Any CPU
		{ABD342C5-D629-4936-9023-EF769A680EDE}.Debug|Any CPU.ActiveCfg = Debug|Any CPU
		{ABD342C5-D629-4936-9023-EF769A680EDE}.Debug|Any CPU.Build.0 = Debug|Any CPU
		{ABD342C5-D629-4936-9023-EF769A680EDE}.Release|Any CPU.ActiveCfg = Release|Any CPU
		{ABD342C5-D629-4936-9023-EF769A680EDE}.Release|Any CPU.Build.0 = Release|Any CPU
		{388A5FDF-2B94-47F2-ABF3-DFF1CB6E24C0}.Debug|Any CPU.ActiveCfg = Debug|Any CPU
		{388A5FDF-2B94-47F2-ABF3-DFF1CB6E24C0}.Debug|Any CPU.Build.0 = Debug|Any CPU
		{388A5FDF-2B94-47F2-ABF3-DFF1CB6E24C0}.Release|Any CPU.ActiveCfg = Release|Any CPU
		{388A5FDF-2B94-47F2-ABF3-DFF1CB6E24C0}.Release|Any CPU.Build.0 = Release|Any CPU
		{9582553C-BB2E-4664-9895-75BA00B9EE02}.Debug|Any CPU.ActiveCfg = Debug|Any CPU
		{9582553C-BB2E-4664-9895-75BA00B9EE02}.Debug|Any CPU.Build.0 = Debug|Any CPU
		{9582553C-BB2E-4664-9895-75BA00B9EE02}.Release|Any CPU.ActiveCfg = Release|Any CPU
		{9582553C-BB2E-4664-9895-75BA00B9EE02}.Release|Any CPU.Build.0 = Release|Any CPU
		{BE0DB793-CB19-4FE1-8674-1A1D480BDB47}.Debug|Any CPU.ActiveCfg = Debug|Any CPU
		{BE0DB793-CB19-4FE1-8674-1A1D480BDB47}.Debug|Any CPU.Build.0 = Debug|Any CPU
		{BE0DB793-CB19-4FE1-8674-1A1D480BDB47}.Release|Any CPU.ActiveCfg = Release|Any CPU
		{BE0DB793-CB19-4FE1-8674-1A1D480BDB47}.Release|Any CPU.Build.0 = Release|Any CPU
	EndGlobalSection
	GlobalSection(SolutionProperties) = preSolution
		HideSolutionNode = FALSE
	EndGlobalSection
	GlobalSection(NestedProjects) = preSolution
		{D1D74FD0-EF75-4518-BA16-9AD426E963DB} = {414C2CB9-738B-4C2E-A400-4BE6A9A88245}
		{0D0F1546-BDCF-47DA-9E3E-64509AC9FFE4} = {414C2CB9-738B-4C2E-A400-4BE6A9A88245}
		{8A3BA588-E7D8-4D74-9358-23A5E8315DBA} = {414C2CB9-738B-4C2E-A400-4BE6A9A88245}
		{F46B18D0-28B7-41B4-B980-CDD985A6BE47} = {CFD387EE-CCDB-4EF2-820B-981F3B86D2B8}
		{3581DDAC-CCE0-4795-9E30-86C42CD5350C} = {CFD387EE-CCDB-4EF2-820B-981F3B86D2B8}
		{C33DE9B3-06BE-4484-A06E-D9BA45B6EC38} = {CFD387EE-CCDB-4EF2-820B-981F3B86D2B8}
		{2A5B9D63-542D-4FBA-BF70-C0070B26F70B} = {E296BAEF-D751-4133-8A74-1B0CB7E8E621}
		{BE56F25C-94A2-4476-A1F8-FC8EE4407B8F} = {E296BAEF-D751-4133-8A74-1B0CB7E8E621}
		{A2A0271E-AEB3-4519-A2D1-4AD85CE751B1} = {E296BAEF-D751-4133-8A74-1B0CB7E8E621}
		{498B2303-29B7-4C12-8B47-BC146153449A} = {8EB5D186-96B9-4B3B-A62C-68687AA9B201}
		{495D2E43-8B75-4034-887D-8B6BFC9BBE39} = {8EB5D186-96B9-4B3B-A62C-68687AA9B201}
		{A3CE148C-AAAC-43C5-AE8F-9D18C726CD2A} = {8EB5D186-96B9-4B3B-A62C-68687AA9B201}
		{36A6407F-0FC7-4E51-85E5-88D83CD131B3} = {819AD4D0-28FB-4463-9E6F-321EC6BB6272}
		{B7C56212-447E-4D82-B137-320B37FF7B79} = {819AD4D0-28FB-4463-9E6F-321EC6BB6272}
		{A3EE5083-16C4-444D-A54F-DB1F1C8D283E} = {819AD4D0-28FB-4463-9E6F-321EC6BB6272}
		{ABACDD7F-B58B-4825-A290-DBE2CAA7F0BA} = {36DD54EA-AF2F-48AF-9918-F289194970DC}
		{6EB52C4D-AA8B-49DE-85F5-55224AAFBE0D} = {36DD54EA-AF2F-48AF-9918-F289194970DC}
		{3DACD386-2C5B-4324-B426-93B97AD9B246} = {36DD54EA-AF2F-48AF-9918-F289194970DC}
		{B0E2DC17-B007-41C4-A52C-73E041D2D049} = {1204B5DE-B6A3-451A-B5B3-AFC975190B07}
		{69E3C5E6-62E7-4709-91B2-90970459FA42} = {1204B5DE-B6A3-451A-B5B3-AFC975190B07}
		{ABD342C5-D629-4936-9023-EF769A680EDE} = {1204B5DE-B6A3-451A-B5B3-AFC975190B07}
		{388A5FDF-2B94-47F2-ABF3-DFF1CB6E24C0} = {BE703463-ADCF-42D1-8AE1-2E29D76D2592}
		{9582553C-BB2E-4664-9895-75BA00B9EE02} = {BE703463-ADCF-42D1-8AE1-2E29D76D2592}
		{BE0DB793-CB19-4FE1-8674-1A1D480BDB47} = {BE703463-ADCF-42D1-8AE1-2E29D76D2592}
	EndGlobalSection
	GlobalSection(ExtensibilityGlobals) = postSolution
		SolutionGuid = {6F9E00E3-15E5-48E9-9BD0-BA6806F2CB4E}
	EndGlobalSection
EndGlobal
